// !$*UTF8*$!
{
	archiveVersion = 1;
	classes = {
	};
	objectVersion = 48;
	objects = {

/* Begin PBXBuildFile section */
		BA074C971F661FD00003A064 /* ListViewController.storyboard in Resources */ = {isa = PBXBuildFile; fileRef = BA074C961F661FD00003A064 /* ListViewController.storyboard */; };
		BA074C991F6624CC0003A064 /* ListViewCell.swift in Sources */ = {isa = PBXBuildFile; fileRef = BA074C981F6624CC0003A064 /* ListViewCell.swift */; };
		BA074CB41F6630DE0003A064 /* ItemDetailViewController.storyboard in Resources */ = {isa = PBXBuildFile; fileRef = BA074CB31F6630DE0003A064 /* ItemDetailViewController.storyboard */; };
		BA074CD51F6631F00003A064 /* ItemDetailPresenter.swift in Sources */ = {isa = PBXBuildFile; fileRef = BA074CCF1F6631F00003A064 /* ItemDetailPresenter.swift */; };
		BA074CD61F6631F00003A064 /* ItemDetailRouter.swift in Sources */ = {isa = PBXBuildFile; fileRef = BA074CD01F6631F00003A064 /* ItemDetailRouter.swift */; };
		BA074CD71F6631F00003A064 /* ItemDetailViewController.swift in Sources */ = {isa = PBXBuildFile; fileRef = BA074CD11F6631F00003A064 /* ItemDetailViewController.swift */; };
		BA2344BF1F66E97600EF8542 /* TabNavigationInteractor.swift in Sources */ = {isa = PBXBuildFile; fileRef = BA2344B91F66E97600EF8542 /* TabNavigationInteractor.swift */; };
		BA2344C01F66E97600EF8542 /* TabNavigationModels.swift in Sources */ = {isa = PBXBuildFile; fileRef = BA2344BA1F66E97600EF8542 /* TabNavigationModels.swift */; };
		BA2344C11F66E97600EF8542 /* TabNavigationPresenter.swift in Sources */ = {isa = PBXBuildFile; fileRef = BA2344BB1F66E97600EF8542 /* TabNavigationPresenter.swift */; };
		BA2344C21F66E97600EF8542 /* TabNavigationRouter.swift in Sources */ = {isa = PBXBuildFile; fileRef = BA2344BC1F66E97600EF8542 /* TabNavigationRouter.swift */; };
		BA2344C31F66E97600EF8542 /* TabNavigationViewController.swift in Sources */ = {isa = PBXBuildFile; fileRef = BA2344BD1F66E97600EF8542 /* TabNavigationViewController.swift */; };
		BA60E4C91F6770E500E02B8E /* Result.swift in Sources */ = {isa = PBXBuildFile; fileRef = BA60E4C81F6770E500E02B8E /* Result.swift */; };
		BA60E4CB1F677C6300E02B8E /* ITunesFeedAPIImp.swift in Sources */ = {isa = PBXBuildFile; fileRef = BA60E4CA1F677C6300E02B8E /* ITunesFeedAPIImp.swift */; };
		BA69EFF91F6797A900E6CB84 /* ItemDetailModels.swift in Sources */ = {isa = PBXBuildFile; fileRef = BA074CCE1F6631F00003A064 /* ItemDetailModels.swift */; };
		BA69EFFA1F6797B700E6CB84 /* ItemDetailInteractor.swift in Sources */ = {isa = PBXBuildFile; fileRef = BA074CCD1F6631F00003A064 /* ItemDetailInteractor.swift */; };
		BA69EFFD1F67A9D700E6CB84 /* RootModels.swift in Sources */ = {isa = PBXBuildFile; fileRef = BAD3E1421F65A493001CEA41 /* RootModels.swift */; };
		BA69EFFE1F67A9DC00E6CB84 /* RootInteractor.swift in Sources */ = {isa = PBXBuildFile; fileRef = BAD3E1411F65A493001CEA41 /* RootInteractor.swift */; };
		BA69F0041F67B91E00E6CB84 /* Promise.swift in Sources */ = {isa = PBXBuildFile; fileRef = BA69F0031F67B8C200E6CB84 /* Promise.swift */; };
		BA83813B1F6A0DA60048F51D /* RootViewControllerFactory.swift in Sources */ = {isa = PBXBuildFile; fileRef = BA83813A1F6A0DA60048F51D /* RootViewControllerFactory.swift */; };
		BA83813D1F6A14C70048F51D /* ListViewControllerFactory.swift in Sources */ = {isa = PBXBuildFile; fileRef = BA83813C1F6A14C70048F51D /* ListViewControllerFactory.swift */; };
		BA83813F1F6A17A30048F51D /* TabNavigationViewControllerFactory.swift in Sources */ = {isa = PBXBuildFile; fileRef = BA83813E1F6A17A30048F51D /* TabNavigationViewControllerFactory.swift */; };
		BA881C871F67952C00F4DACB /* UserData.swift in Sources */ = {isa = PBXBuildFile; fileRef = BAC740FE1F6791CC000F50BF /* UserData.swift */; };
		BA881C8A1F6795B000F4DACB /* BusinessLogic.framework in Frameworks */ = {isa = PBXBuildFile; fileRef = BADE1A191F67581200477879 /* BusinessLogic.framework */; };
		BA881C8D1F67961E00F4DACB /* EntityManager.swift in Sources */ = {isa = PBXBuildFile; fileRef = BA881C8C1F67961E00F4DACB /* EntityManager.swift */; };
		BAC740D01F678A25000F50BF /* API.swift in Sources */ = {isa = PBXBuildFile; fileRef = BAC740CF1F678A25000F50BF /* API.swift */; };
		BAC740D21F678A3A000F50BF /* APIMock.swift in Sources */ = {isa = PBXBuildFile; fileRef = BAC740D11F678A3A000F50BF /* APIMock.swift */; };
		BAC740D51F678BD1000F50BF /* ListWorker.swift in Sources */ = {isa = PBXBuildFile; fileRef = BAC740D41F678BD1000F50BF /* ListWorker.swift */; };
		BAC740D71F678BFB000F50BF /* ITunesFeed.framework in Frameworks */ = {isa = PBXBuildFile; fileRef = BADE1A561F675E4B00477879 /* ITunesFeed.framework */; };
		BAC740D91F678C70000F50BF /* ListInteractor.swift in Sources */ = {isa = PBXBuildFile; fileRef = BAC740D81F678C70000F50BF /* ListInteractor.swift */; };
		BAC740DB1F678C8A000F50BF /* ListModels.swift in Sources */ = {isa = PBXBuildFile; fileRef = BAC740DA1F678C8A000F50BF /* ListModels.swift */; };
		BAC740DE1F678EE0000F50BF /* PerformLoginWorker.swift in Sources */ = {isa = PBXBuildFile; fileRef = BAC740DD1F678EE0000F50BF /* PerformLoginWorker.swift */; };
		BAC740E11F678FAA000F50BF /* LoginInteractor.swift in Sources */ = {isa = PBXBuildFile; fileRef = BAC740E01F678FAA000F50BF /* LoginInteractor.swift */; };
		BAC740E31F678FF0000F50BF /* LoginModels.swift in Sources */ = {isa = PBXBuildFile; fileRef = BAC740E21F678FF0000F50BF /* LoginModels.swift */; };
		BAC740EE1F679072000F50BF /* Persistence.h in Headers */ = {isa = PBXBuildFile; fileRef = BAC740EC1F679072000F50BF /* Persistence.h */; settings = {ATTRIBUTES = (Public, ); }; };
		BAC740F11F679072000F50BF /* Persistence.framework in Frameworks */ = {isa = PBXBuildFile; fileRef = BAC740EA1F679072000F50BF /* Persistence.framework */; };
		BAC740F21F679072000F50BF /* Persistence.framework in Embed Frameworks */ = {isa = PBXBuildFile; fileRef = BAC740EA1F679072000F50BF /* Persistence.framework */; settings = {ATTRIBUTES = (CodeSignOnCopy, RemoveHeadersOnCopy, ); }; };
		BAC740F71F679081000F50BF /* EntityManagerImp.swift in Sources */ = {isa = PBXBuildFile; fileRef = BAC740F61F679081000F50BF /* EntityManagerImp.swift */; };
		BAC741021F67927E000F50BF /* API.framework in Frameworks */ = {isa = PBXBuildFile; fileRef = BADE1A2E1F67588D00477879 /* API.framework */; };
		BACE115F1F6A27830056C54D /* Injector.swift in Sources */ = {isa = PBXBuildFile; fileRef = BACE115E1F6A27830056C54D /* Injector.swift */; };
		BACE11611F6A28BA0056C54D /* LoginViewControllerFactory.swift in Sources */ = {isa = PBXBuildFile; fileRef = BACE11601F6A28BA0056C54D /* LoginViewControllerFactory.swift */; };
		BACE11631F6A2EF40056C54D /* TrackCollectionViewControllerFactory.swift in Sources */ = {isa = PBXBuildFile; fileRef = BACE11621F6A2EF40056C54D /* TrackCollectionViewControllerFactory.swift */; };
		BACE11651F6A31A40056C54D /* ItemDetailViewControllerFactory.swift in Sources */ = {isa = PBXBuildFile; fileRef = BACE11641F6A31A40056C54D /* ItemDetailViewControllerFactory.swift */; };
		BACFC46D1F67029400CA4517 /* TrackCollectionPresenter.swift in Sources */ = {isa = PBXBuildFile; fileRef = BACFC4671F67029400CA4517 /* TrackCollectionPresenter.swift */; };
		BACFC46E1F67029400CA4517 /* TrackCollectionRouter.swift in Sources */ = {isa = PBXBuildFile; fileRef = BACFC4681F67029400CA4517 /* TrackCollectionRouter.swift */; };
		BACFC46F1F67029400CA4517 /* TrackCollectionViewController.swift in Sources */ = {isa = PBXBuildFile; fileRef = BACFC4691F67029400CA4517 /* TrackCollectionViewController.swift */; };
		BACFC4721F6702B200CA4517 /* TrackCollectionViewController.storyboard in Resources */ = {isa = PBXBuildFile; fileRef = BACFC4711F6702B200CA4517 /* TrackCollectionViewController.storyboard */; };
		BACFC4741F67034600CA4517 /* TrackCollectionViewCell.swift in Sources */ = {isa = PBXBuildFile; fileRef = BACFC4731F67034600CA4517 /* TrackCollectionViewCell.swift */; };
		BAD3E1031F650A85001CEA41 /* AppDelegate.swift in Sources */ = {isa = PBXBuildFile; fileRef = BAD3E1021F650A85001CEA41 /* AppDelegate.swift */; };
		BAD3E10A1F650A85001CEA41 /* Assets.xcassets in Resources */ = {isa = PBXBuildFile; fileRef = BAD3E1091F650A85001CEA41 /* Assets.xcassets */; };
		BAD3E10D1F650A85001CEA41 /* LaunchScreen.storyboard in Resources */ = {isa = PBXBuildFile; fileRef = BAD3E10B1F650A85001CEA41 /* LaunchScreen.storyboard */; };
		BAD3E11C1F650ABC001CEA41 /* LoginPresenter.swift in Sources */ = {isa = PBXBuildFile; fileRef = BAD3E1161F650ABC001CEA41 /* LoginPresenter.swift */; };
		BAD3E11D1F650ABC001CEA41 /* LoginRouter.swift in Sources */ = {isa = PBXBuildFile; fileRef = BAD3E1171F650ABC001CEA41 /* LoginRouter.swift */; };
		BAD3E11E1F650ABC001CEA41 /* LoginViewController.swift in Sources */ = {isa = PBXBuildFile; fileRef = BAD3E1181F650ABC001CEA41 /* LoginViewController.swift */; };
		BAD3E1221F650DE3001CEA41 /* LoginView.xib in Resources */ = {isa = PBXBuildFile; fileRef = BAD3E1211F650DE3001CEA41 /* LoginView.xib */; };
		BAD3E12C1F651094001CEA41 /* ListPresenter.swift in Sources */ = {isa = PBXBuildFile; fileRef = BAD3E1261F651094001CEA41 /* ListPresenter.swift */; };
		BAD3E12D1F651094001CEA41 /* ListRouter.swift in Sources */ = {isa = PBXBuildFile; fileRef = BAD3E1271F651094001CEA41 /* ListRouter.swift */; };
		BAD3E12E1F651094001CEA41 /* ListViewController.swift in Sources */ = {isa = PBXBuildFile; fileRef = BAD3E1281F651094001CEA41 /* ListViewController.swift */; };
		BAD3E1491F65A493001CEA41 /* RootPresenter.swift in Sources */ = {isa = PBXBuildFile; fileRef = BAD3E1431F65A493001CEA41 /* RootPresenter.swift */; };
		BAD3E14A1F65A493001CEA41 /* RootRouter.swift in Sources */ = {isa = PBXBuildFile; fileRef = BAD3E1441F65A493001CEA41 /* RootRouter.swift */; };
		BAD3E14B1F65A493001CEA41 /* RootViewController.swift in Sources */ = {isa = PBXBuildFile; fileRef = BAD3E1451F65A493001CEA41 /* RootViewController.swift */; };
		BADE1A1D1F67581200477879 /* BusinessLogic.h in Headers */ = {isa = PBXBuildFile; fileRef = BADE1A1B1F67581200477879 /* BusinessLogic.h */; settings = {ATTRIBUTES = (Public, ); }; };
		BADE1A201F67581200477879 /* BusinessLogic.framework in Frameworks */ = {isa = PBXBuildFile; fileRef = BADE1A191F67581200477879 /* BusinessLogic.framework */; };
		BADE1A211F67581200477879 /* BusinessLogic.framework in Embed Frameworks */ = {isa = PBXBuildFile; fileRef = BADE1A191F67581200477879 /* BusinessLogic.framework */; settings = {ATTRIBUTES = (CodeSignOnCopy, RemoveHeadersOnCopy, ); }; };
		BADE1A321F67588D00477879 /* API.h in Headers */ = {isa = PBXBuildFile; fileRef = BADE1A301F67588D00477879 /* API.h */; settings = {ATTRIBUTES = (Public, ); }; };
		BADE1A351F67588D00477879 /* API.framework in Frameworks */ = {isa = PBXBuildFile; fileRef = BADE1A2E1F67588D00477879 /* API.framework */; };
		BADE1A361F67588D00477879 /* API.framework in Embed Frameworks */ = {isa = PBXBuildFile; fileRef = BADE1A2E1F67588D00477879 /* API.framework */; settings = {ATTRIBUTES = (CodeSignOnCopy, RemoveHeadersOnCopy, ); }; };
		BADE1A5A1F675E4B00477879 /* ITunesFeed.h in Headers */ = {isa = PBXBuildFile; fileRef = BADE1A581F675E4B00477879 /* ITunesFeed.h */; settings = {ATTRIBUTES = (Public, ); }; };
		BADE1A5D1F675E4B00477879 /* ITunesFeed.framework in Frameworks */ = {isa = PBXBuildFile; fileRef = BADE1A561F675E4B00477879 /* ITunesFeed.framework */; };
		BADE1A5E1F675E4B00477879 /* ITunesFeed.framework in Embed Frameworks */ = {isa = PBXBuildFile; fileRef = BADE1A561F675E4B00477879 /* ITunesFeed.framework */; settings = {ATTRIBUTES = (CodeSignOnCopy, RemoveHeadersOnCopy, ); }; };
		BADE1A631F675EAA00477879 /* ITunesFeedAPIProtocol.swift in Sources */ = {isa = PBXBuildFile; fileRef = BADE1A621F675EAA00477879 /* ITunesFeedAPIProtocol.swift */; };
		BAF3F71A1F9EE4AA008A6668 /* CleanSwiftTests.swift in Sources */ = {isa = PBXBuildFile; fileRef = BAF3F7191F9EE4AA008A6668 /* CleanSwiftTests.swift */; };
/* End PBXBuildFile section */

/* Begin PBXContainerItemProxy section */
		BAC740EF1F679072000F50BF /* PBXContainerItemProxy */ = {
			isa = PBXContainerItemProxy;
			containerPortal = BAD3E0F71F650A85001CEA41 /* Project object */;
			proxyType = 1;
			remoteGlobalIDString = BAC740E91F679072000F50BF;
			remoteInfo = Persistence;
		};
		BADE1A1E1F67581200477879 /* PBXContainerItemProxy */ = {
			isa = PBXContainerItemProxy;
			containerPortal = BAD3E0F71F650A85001CEA41 /* Project object */;
			proxyType = 1;
			remoteGlobalIDString = BADE1A181F67581200477879;
			remoteInfo = BusinessLogic;
		};
		BADE1A331F67588D00477879 /* PBXContainerItemProxy */ = {
			isa = PBXContainerItemProxy;
			containerPortal = BAD3E0F71F650A85001CEA41 /* Project object */;
			proxyType = 1;
			remoteGlobalIDString = BADE1A2D1F67588D00477879;
			remoteInfo = API;
		};
		BADE1A5B1F675E4B00477879 /* PBXContainerItemProxy */ = {
			isa = PBXContainerItemProxy;
			containerPortal = BAD3E0F71F650A85001CEA41 /* Project object */;
			proxyType = 1;
			remoteGlobalIDString = BADE1A551F675E4B00477879;
			remoteInfo = ITunesFeed;
		};
		BAF3F71C1F9EE4AA008A6668 /* PBXContainerItemProxy */ = {
			isa = PBXContainerItemProxy;
			containerPortal = BAD3E0F71F650A85001CEA41 /* Project object */;
			proxyType = 1;
			remoteGlobalIDString = BAD3E0FE1F650A85001CEA41;
			remoteInfo = CleanSwift;
		};
/* End PBXContainerItemProxy section */

/* Begin PBXCopyFilesBuildPhase section */
		BADE1A251F67581200477879 /* Embed Frameworks */ = {
			isa = PBXCopyFilesBuildPhase;
			buildActionMask = 2147483647;
			dstPath = "";
			dstSubfolderSpec = 10;
			files = (
				BADE1A5E1F675E4B00477879 /* ITunesFeed.framework in Embed Frameworks */,
				BADE1A211F67581200477879 /* BusinessLogic.framework in Embed Frameworks */,
				BAC740F21F679072000F50BF /* Persistence.framework in Embed Frameworks */,
				BADE1A361F67588D00477879 /* API.framework in Embed Frameworks */,
			);
			name = "Embed Frameworks";
			runOnlyForDeploymentPostprocessing = 0;
		};
/* End PBXCopyFilesBuildPhase section */

/* Begin PBXFileReference section */
		BA074C961F661FD00003A064 /* ListViewController.storyboard */ = {isa = PBXFileReference; lastKnownFileType = file.storyboard; path = ListViewController.storyboard; sourceTree = "<group>"; };
		BA074C981F6624CC0003A064 /* ListViewCell.swift */ = {isa = PBXFileReference; lastKnownFileType = sourcecode.swift; path = ListViewCell.swift; sourceTree = "<group>"; };
		BA074CB31F6630DE0003A064 /* ItemDetailViewController.storyboard */ = {isa = PBXFileReference; lastKnownFileType = file.storyboard; path = ItemDetailViewController.storyboard; sourceTree = "<group>"; };
		BA074CCD1F6631F00003A064 /* ItemDetailInteractor.swift */ = {isa = PBXFileReference; lastKnownFileType = sourcecode.swift; path = ItemDetailInteractor.swift; sourceTree = "<group>"; };
		BA074CCE1F6631F00003A064 /* ItemDetailModels.swift */ = {isa = PBXFileReference; lastKnownFileType = sourcecode.swift; path = ItemDetailModels.swift; sourceTree = "<group>"; };
		BA074CCF1F6631F00003A064 /* ItemDetailPresenter.swift */ = {isa = PBXFileReference; lastKnownFileType = sourcecode.swift; path = ItemDetailPresenter.swift; sourceTree = "<group>"; };
		BA074CD01F6631F00003A064 /* ItemDetailRouter.swift */ = {isa = PBXFileReference; lastKnownFileType = sourcecode.swift; path = ItemDetailRouter.swift; sourceTree = "<group>"; };
		BA074CD11F6631F00003A064 /* ItemDetailViewController.swift */ = {isa = PBXFileReference; lastKnownFileType = sourcecode.swift; path = ItemDetailViewController.swift; sourceTree = "<group>"; };
		BA2344B91F66E97600EF8542 /* TabNavigationInteractor.swift */ = {isa = PBXFileReference; lastKnownFileType = sourcecode.swift; path = TabNavigationInteractor.swift; sourceTree = "<group>"; };
		BA2344BA1F66E97600EF8542 /* TabNavigationModels.swift */ = {isa = PBXFileReference; lastKnownFileType = sourcecode.swift; path = TabNavigationModels.swift; sourceTree = "<group>"; };
		BA2344BB1F66E97600EF8542 /* TabNavigationPresenter.swift */ = {isa = PBXFileReference; lastKnownFileType = sourcecode.swift; path = TabNavigationPresenter.swift; sourceTree = "<group>"; };
		BA2344BC1F66E97600EF8542 /* TabNavigationRouter.swift */ = {isa = PBXFileReference; lastKnownFileType = sourcecode.swift; path = TabNavigationRouter.swift; sourceTree = "<group>"; };
		BA2344BD1F66E97600EF8542 /* TabNavigationViewController.swift */ = {isa = PBXFileReference; lastKnownFileType = sourcecode.swift; path = TabNavigationViewController.swift; sourceTree = "<group>"; };
		BA60E4C81F6770E500E02B8E /* Result.swift */ = {isa = PBXFileReference; lastKnownFileType = sourcecode.swift; path = Result.swift; sourceTree = "<group>"; };
		BA60E4CA1F677C6300E02B8E /* ITunesFeedAPIImp.swift */ = {isa = PBXFileReference; lastKnownFileType = sourcecode.swift; path = ITunesFeedAPIImp.swift; sourceTree = "<group>"; };
		BA69F0031F67B8C200E6CB84 /* Promise.swift */ = {isa = PBXFileReference; lastKnownFileType = sourcecode.swift; path = Promise.swift; sourceTree = "<group>"; };
		BA83813A1F6A0DA60048F51D /* RootViewControllerFactory.swift */ = {isa = PBXFileReference; lastKnownFileType = sourcecode.swift; path = RootViewControllerFactory.swift; sourceTree = "<group>"; };
		BA83813C1F6A14C70048F51D /* ListViewControllerFactory.swift */ = {isa = PBXFileReference; lastKnownFileType = sourcecode.swift; path = ListViewControllerFactory.swift; sourceTree = "<group>"; };
		BA83813E1F6A17A30048F51D /* TabNavigationViewControllerFactory.swift */ = {isa = PBXFileReference; lastKnownFileType = sourcecode.swift; path = TabNavigationViewControllerFactory.swift; sourceTree = "<group>"; };
		BA881C8C1F67961E00F4DACB /* EntityManager.swift */ = {isa = PBXFileReference; lastKnownFileType = sourcecode.swift; path = EntityManager.swift; sourceTree = "<group>"; };
		BAC740CF1F678A25000F50BF /* API.swift */ = {isa = PBXFileReference; lastKnownFileType = sourcecode.swift; path = API.swift; sourceTree = "<group>"; };
		BAC740D11F678A3A000F50BF /* APIMock.swift */ = {isa = PBXFileReference; lastKnownFileType = sourcecode.swift; path = APIMock.swift; sourceTree = "<group>"; };
		BAC740D41F678BD1000F50BF /* ListWorker.swift */ = {isa = PBXFileReference; lastKnownFileType = sourcecode.swift; path = ListWorker.swift; sourceTree = "<group>"; };
		BAC740D81F678C70000F50BF /* ListInteractor.swift */ = {isa = PBXFileReference; lastKnownFileType = sourcecode.swift; path = ListInteractor.swift; sourceTree = "<group>"; };
		BAC740DA1F678C8A000F50BF /* ListModels.swift */ = {isa = PBXFileReference; lastKnownFileType = sourcecode.swift; path = ListModels.swift; sourceTree = "<group>"; };
		BAC740DD1F678EE0000F50BF /* PerformLoginWorker.swift */ = {isa = PBXFileReference; lastKnownFileType = sourcecode.swift; path = PerformLoginWorker.swift; sourceTree = "<group>"; };
		BAC740E01F678FAA000F50BF /* LoginInteractor.swift */ = {isa = PBXFileReference; lastKnownFileType = sourcecode.swift; path = LoginInteractor.swift; sourceTree = "<group>"; };
		BAC740E21F678FF0000F50BF /* LoginModels.swift */ = {isa = PBXFileReference; lastKnownFileType = sourcecode.swift; path = LoginModels.swift; sourceTree = "<group>"; };
		BAC740EA1F679072000F50BF /* Persistence.framework */ = {isa = PBXFileReference; explicitFileType = wrapper.framework; includeInIndex = 0; path = Persistence.framework; sourceTree = BUILT_PRODUCTS_DIR; };
		BAC740EC1F679072000F50BF /* Persistence.h */ = {isa = PBXFileReference; lastKnownFileType = sourcecode.c.h; path = Persistence.h; sourceTree = "<group>"; };
		BAC740ED1F679072000F50BF /* Info.plist */ = {isa = PBXFileReference; lastKnownFileType = text.plist.xml; path = Info.plist; sourceTree = "<group>"; };
		BAC740F61F679081000F50BF /* EntityManagerImp.swift */ = {isa = PBXFileReference; lastKnownFileType = sourcecode.swift; path = EntityManagerImp.swift; sourceTree = "<group>"; };
		BAC740FE1F6791CC000F50BF /* UserData.swift */ = {isa = PBXFileReference; lastKnownFileType = sourcecode.swift; path = UserData.swift; sourceTree = "<group>"; };
		BACE115E1F6A27830056C54D /* Injector.swift */ = {isa = PBXFileReference; lastKnownFileType = sourcecode.swift; name = Injector.swift; path = CleanSwift/Modules/Root/Injector.swift; sourceTree = SOURCE_ROOT; };
		BACE11601F6A28BA0056C54D /* LoginViewControllerFactory.swift */ = {isa = PBXFileReference; lastKnownFileType = sourcecode.swift; path = LoginViewControllerFactory.swift; sourceTree = "<group>"; };
		BACE11621F6A2EF40056C54D /* TrackCollectionViewControllerFactory.swift */ = {isa = PBXFileReference; lastKnownFileType = sourcecode.swift; path = TrackCollectionViewControllerFactory.swift; sourceTree = "<group>"; };
		BACE11641F6A31A40056C54D /* ItemDetailViewControllerFactory.swift */ = {isa = PBXFileReference; lastKnownFileType = sourcecode.swift; path = ItemDetailViewControllerFactory.swift; sourceTree = "<group>"; };
		BACFC4671F67029400CA4517 /* TrackCollectionPresenter.swift */ = {isa = PBXFileReference; lastKnownFileType = sourcecode.swift; path = TrackCollectionPresenter.swift; sourceTree = "<group>"; };
		BACFC4681F67029400CA4517 /* TrackCollectionRouter.swift */ = {isa = PBXFileReference; lastKnownFileType = sourcecode.swift; path = TrackCollectionRouter.swift; sourceTree = "<group>"; };
		BACFC4691F67029400CA4517 /* TrackCollectionViewController.swift */ = {isa = PBXFileReference; lastKnownFileType = sourcecode.swift; path = TrackCollectionViewController.swift; sourceTree = "<group>"; };
		BACFC4711F6702B200CA4517 /* TrackCollectionViewController.storyboard */ = {isa = PBXFileReference; lastKnownFileType = file.storyboard; path = TrackCollectionViewController.storyboard; sourceTree = "<group>"; };
		BACFC4731F67034600CA4517 /* TrackCollectionViewCell.swift */ = {isa = PBXFileReference; lastKnownFileType = sourcecode.swift; path = TrackCollectionViewCell.swift; sourceTree = "<group>"; };
		BAD3E0FF1F650A85001CEA41 /* CleanSwift.app */ = {isa = PBXFileReference; explicitFileType = wrapper.application; includeInIndex = 0; path = CleanSwift.app; sourceTree = BUILT_PRODUCTS_DIR; };
		BAD3E1021F650A85001CEA41 /* AppDelegate.swift */ = {isa = PBXFileReference; lastKnownFileType = sourcecode.swift; path = AppDelegate.swift; sourceTree = "<group>"; };
		BAD3E1091F650A85001CEA41 /* Assets.xcassets */ = {isa = PBXFileReference; lastKnownFileType = folder.assetcatalog; path = Assets.xcassets; sourceTree = "<group>"; };
		BAD3E10C1F650A85001CEA41 /* Base */ = {isa = PBXFileReference; lastKnownFileType = file.storyboard; name = Base; path = Base.lproj/LaunchScreen.storyboard; sourceTree = "<group>"; };
		BAD3E10E1F650A85001CEA41 /* Info.plist */ = {isa = PBXFileReference; lastKnownFileType = text.plist.xml; path = Info.plist; sourceTree = "<group>"; };
		BAD3E1161F650ABC001CEA41 /* LoginPresenter.swift */ = {isa = PBXFileReference; lastKnownFileType = sourcecode.swift; path = LoginPresenter.swift; sourceTree = "<group>"; };
		BAD3E1171F650ABC001CEA41 /* LoginRouter.swift */ = {isa = PBXFileReference; lastKnownFileType = sourcecode.swift; path = LoginRouter.swift; sourceTree = "<group>"; };
		BAD3E1181F650ABC001CEA41 /* LoginViewController.swift */ = {isa = PBXFileReference; lastKnownFileType = sourcecode.swift; path = LoginViewController.swift; sourceTree = "<group>"; };
		BAD3E1211F650DE3001CEA41 /* LoginView.xib */ = {isa = PBXFileReference; lastKnownFileType = file.xib; path = LoginView.xib; sourceTree = "<group>"; };
		BAD3E1261F651094001CEA41 /* ListPresenter.swift */ = {isa = PBXFileReference; lastKnownFileType = sourcecode.swift; path = ListPresenter.swift; sourceTree = "<group>"; };
		BAD3E1271F651094001CEA41 /* ListRouter.swift */ = {isa = PBXFileReference; lastKnownFileType = sourcecode.swift; path = ListRouter.swift; sourceTree = "<group>"; };
		BAD3E1281F651094001CEA41 /* ListViewController.swift */ = {isa = PBXFileReference; lastKnownFileType = sourcecode.swift; path = ListViewController.swift; sourceTree = "<group>"; };
		BAD3E1411F65A493001CEA41 /* RootInteractor.swift */ = {isa = PBXFileReference; lastKnownFileType = sourcecode.swift; path = RootInteractor.swift; sourceTree = "<group>"; };
		BAD3E1421F65A493001CEA41 /* RootModels.swift */ = {isa = PBXFileReference; lastKnownFileType = sourcecode.swift; path = RootModels.swift; sourceTree = "<group>"; };
		BAD3E1431F65A493001CEA41 /* RootPresenter.swift */ = {isa = PBXFileReference; lastKnownFileType = sourcecode.swift; path = RootPresenter.swift; sourceTree = "<group>"; };
		BAD3E1441F65A493001CEA41 /* RootRouter.swift */ = {isa = PBXFileReference; lastKnownFileType = sourcecode.swift; path = RootRouter.swift; sourceTree = "<group>"; };
		BAD3E1451F65A493001CEA41 /* RootViewController.swift */ = {isa = PBXFileReference; lastKnownFileType = sourcecode.swift; path = RootViewController.swift; sourceTree = "<group>"; };
		BADE1A191F67581200477879 /* BusinessLogic.framework */ = {isa = PBXFileReference; explicitFileType = wrapper.framework; includeInIndex = 0; path = BusinessLogic.framework; sourceTree = BUILT_PRODUCTS_DIR; };
		BADE1A1B1F67581200477879 /* BusinessLogic.h */ = {isa = PBXFileReference; lastKnownFileType = sourcecode.c.h; path = BusinessLogic.h; sourceTree = "<group>"; };
		BADE1A1C1F67581200477879 /* Info.plist */ = {isa = PBXFileReference; lastKnownFileType = text.plist.xml; path = Info.plist; sourceTree = "<group>"; };
		BADE1A2E1F67588D00477879 /* API.framework */ = {isa = PBXFileReference; explicitFileType = wrapper.framework; includeInIndex = 0; path = API.framework; sourceTree = BUILT_PRODUCTS_DIR; };
		BADE1A301F67588D00477879 /* API.h */ = {isa = PBXFileReference; lastKnownFileType = sourcecode.c.h; path = API.h; sourceTree = "<group>"; };
		BADE1A311F67588D00477879 /* Info.plist */ = {isa = PBXFileReference; lastKnownFileType = text.plist.xml; path = Info.plist; sourceTree = "<group>"; };
		BADE1A561F675E4B00477879 /* ITunesFeed.framework */ = {isa = PBXFileReference; explicitFileType = wrapper.framework; includeInIndex = 0; path = ITunesFeed.framework; sourceTree = BUILT_PRODUCTS_DIR; };
		BADE1A581F675E4B00477879 /* ITunesFeed.h */ = {isa = PBXFileReference; lastKnownFileType = sourcecode.c.h; path = ITunesFeed.h; sourceTree = "<group>"; };
		BADE1A591F675E4B00477879 /* Info.plist */ = {isa = PBXFileReference; lastKnownFileType = text.plist.xml; path = Info.plist; sourceTree = "<group>"; };
		BADE1A621F675EAA00477879 /* ITunesFeedAPIProtocol.swift */ = {isa = PBXFileReference; lastKnownFileType = sourcecode.swift; path = ITunesFeedAPIProtocol.swift; sourceTree = "<group>"; };
		BAF3F7171F9EE4AA008A6668 /* CleanSwiftTests.xctest */ = {isa = PBXFileReference; explicitFileType = wrapper.cfbundle; includeInIndex = 0; path = CleanSwiftTests.xctest; sourceTree = BUILT_PRODUCTS_DIR; };
		BAF3F7191F9EE4AA008A6668 /* CleanSwiftTests.swift */ = {isa = PBXFileReference; lastKnownFileType = sourcecode.swift; path = CleanSwiftTests.swift; sourceTree = "<group>"; };
		BAF3F71B1F9EE4AA008A6668 /* Info.plist */ = {isa = PBXFileReference; lastKnownFileType = text.plist.xml; path = Info.plist; sourceTree = "<group>"; };
/* End PBXFileReference section */

/* Begin PBXFrameworksBuildPhase section */
		BAC740E61F679072000F50BF /* Frameworks */ = {
			isa = PBXFrameworksBuildPhase;
			buildActionMask = 2147483647;
			files = (
				BA881C8A1F6795B000F4DACB /* BusinessLogic.framework in Frameworks */,
			);
			runOnlyForDeploymentPostprocessing = 0;
		};
		BAD3E0FC1F650A85001CEA41 /* Frameworks */ = {
			isa = PBXFrameworksBuildPhase;
			buildActionMask = 2147483647;
			files = (
				BADE1A5D1F675E4B00477879 /* ITunesFeed.framework in Frameworks */,
				BADE1A201F67581200477879 /* BusinessLogic.framework in Frameworks */,
				BAC740F11F679072000F50BF /* Persistence.framework in Frameworks */,
				BADE1A351F67588D00477879 /* API.framework in Frameworks */,
			);
			runOnlyForDeploymentPostprocessing = 0;
		};
		BADE1A151F67581200477879 /* Frameworks */ = {
			isa = PBXFrameworksBuildPhase;
			buildActionMask = 2147483647;
			files = (
				BAC741021F67927E000F50BF /* API.framework in Frameworks */,
				BAC740D71F678BFB000F50BF /* ITunesFeed.framework in Frameworks */,
			);
			runOnlyForDeploymentPostprocessing = 0;
		};
		BADE1A2A1F67588D00477879 /* Frameworks */ = {
			isa = PBXFrameworksBuildPhase;
			buildActionMask = 2147483647;
			files = (
			);
			runOnlyForDeploymentPostprocessing = 0;
		};
		BADE1A521F675E4B00477879 /* Frameworks */ = {
			isa = PBXFrameworksBuildPhase;
			buildActionMask = 2147483647;
			files = (
			);
			runOnlyForDeploymentPostprocessing = 0;
		};
		BAF3F7141F9EE4AA008A6668 /* Frameworks */ = {
			isa = PBXFrameworksBuildPhase;
			buildActionMask = 2147483647;
			files = (
			);
			runOnlyForDeploymentPostprocessing = 0;
		};
/* End PBXFrameworksBuildPhase section */

/* Begin PBXGroup section */
		BA074C9A1F6630290003A064 /* ItemDetail */ = {
			isa = PBXGroup;
			children = (
				BACE11641F6A31A40056C54D /* ItemDetailViewControllerFactory.swift */,
				BA074CCF1F6631F00003A064 /* ItemDetailPresenter.swift */,
				BA074CD01F6631F00003A064 /* ItemDetailRouter.swift */,
				BA074CD11F6631F00003A064 /* ItemDetailViewController.swift */,
				BA074CB31F6630DE0003A064 /* ItemDetailViewController.storyboard */,
			);
			path = ItemDetail;
			sourceTree = "<group>";
		};
		BA2344B81F66E92B00EF8542 /* TabMenu */ = {
			isa = PBXGroup;
			children = (
				BA83813E1F6A17A30048F51D /* TabNavigationViewControllerFactory.swift */,
				BA2344B91F66E97600EF8542 /* TabNavigationInteractor.swift */,
				BA2344BA1F66E97600EF8542 /* TabNavigationModels.swift */,
				BA2344BB1F66E97600EF8542 /* TabNavigationPresenter.swift */,
				BA2344BC1F66E97600EF8542 /* TabNavigationRouter.swift */,
				BA2344BD1F66E97600EF8542 /* TabNavigationViewController.swift */,
			);
			path = TabMenu;
			sourceTree = "<group>";
		};
		BA60E4CC1F67839A00E02B8E /* public */ = {
			isa = PBXGroup;
			children = (
				BADE1A581F675E4B00477879 /* ITunesFeed.h */,
				BADE1A621F675EAA00477879 /* ITunesFeedAPIProtocol.swift */,
				BA60E4C81F6770E500E02B8E /* Result.swift */,
			);
			path = public;
			sourceTree = "<group>";
		};
		BA60E4CD1F6783A100E02B8E /* private */ = {
			isa = PBXGroup;
			children = (
				BA60E4CA1F677C6300E02B8E /* ITunesFeedAPIImp.swift */,
			);
			path = private;
			sourceTree = "<group>";
		};
		BA69EFFB1F67993600E6CB84 /* Modules */ = {
			isa = PBXGroup;
			children = (
				BAC740DF1F678F93000F50BF /* Login */,
				BAC740D31F678B73000F50BF /* List */,
				BA881C8E1F67976900F4DACB /* ItemDetail */,
			);
			path = Modules;
			sourceTree = "<group>";
		};
		BA69EFFC1F67A9C200E6CB84 /* Root */ = {
			isa = PBXGroup;
			children = (
				BAD3E1411F65A493001CEA41 /* RootInteractor.swift */,
				BAD3E1421F65A493001CEA41 /* RootModels.swift */,
			);
			path = Root;
			sourceTree = "<group>";
		};
		BA69F0021F67B8B500E6CB84 /* Promise */ = {
			isa = PBXGroup;
			children = (
				BA69F0031F67B8C200E6CB84 /* Promise.swift */,
			);
			path = Promise;
			sourceTree = "<group>";
		};
		BA881C8B1F67960C00F4DACB /* PersistenceProtocol */ = {
			isa = PBXGroup;
			children = (
				BA881C8C1F67961E00F4DACB /* EntityManager.swift */,
			);
			path = PersistenceProtocol;
			sourceTree = "<group>";
		};
		BA881C8E1F67976900F4DACB /* ItemDetail */ = {
			isa = PBXGroup;
			children = (
				BA074CCD1F6631F00003A064 /* ItemDetailInteractor.swift */,
				BA074CCE1F6631F00003A064 /* ItemDetailModels.swift */,
			);
			path = ItemDetail;
			sourceTree = "<group>";
		};
		BAC740CD1F6789DC000F50BF /* public */ = {
			isa = PBXGroup;
			children = (
				BADE1A301F67588D00477879 /* API.h */,
				BAC740CF1F678A25000F50BF /* API.swift */,
			);
			path = public;
			sourceTree = "<group>";
		};
		BAC740CE1F6789E9000F50BF /* private */ = {
			isa = PBXGroup;
			children = (
				BAC740D11F678A3A000F50BF /* APIMock.swift */,
			);
			path = private;
			sourceTree = "<group>";
		};
		BAC740D31F678B73000F50BF /* List */ = {
			isa = PBXGroup;
			children = (
				BAC740DA1F678C8A000F50BF /* ListModels.swift */,
				BAC740D81F678C70000F50BF /* ListInteractor.swift */,
			);
			path = List;
			sourceTree = "<group>";
		};
		BAC740D61F678BFB000F50BF /* Frameworks */ = {
			isa = PBXGroup;
			children = (
			);
			name = Frameworks;
			sourceTree = "<group>";
		};
		BAC740DC1F678EBE000F50BF /* Workers */ = {
			isa = PBXGroup;
			children = (
				BAC740D41F678BD1000F50BF /* ListWorker.swift */,
				BAC740DD1F678EE0000F50BF /* PerformLoginWorker.swift */,
			);
			path = Workers;
			sourceTree = "<group>";
		};
		BAC740DF1F678F93000F50BF /* Login */ = {
			isa = PBXGroup;
			children = (
				BAC740E01F678FAA000F50BF /* LoginInteractor.swift */,
				BAC740E21F678FF0000F50BF /* LoginModels.swift */,
			);
			path = Login;
			sourceTree = "<group>";
		};
		BAC740EB1F679072000F50BF /* Persistence */ = {
			isa = PBXGroup;
			children = (
				BAC740EC1F679072000F50BF /* Persistence.h */,
				BAC740F61F679081000F50BF /* EntityManagerImp.swift */,
				BAC740ED1F679072000F50BF /* Info.plist */,
			);
			path = Persistence;
			sourceTree = "<group>";
		};
		BAC740FD1F6791B7000F50BF /* Entity */ = {
			isa = PBXGroup;
			children = (
				BAC740FE1F6791CC000F50BF /* UserData.swift */,
			);
			path = Entity;
			sourceTree = "<group>";
		};
		BACE115B1F6A256D0056C54D /* Dependency Injection */ = {
			isa = PBXGroup;
			children = (
				BACE115E1F6A27830056C54D /* Injector.swift */,
			);
			path = "Dependency Injection";
			sourceTree = "<group>";
		};
		BACFC4641F67026A00CA4517 /* TrackCollection */ = {
			isa = PBXGroup;
			children = (
				BACE11621F6A2EF40056C54D /* TrackCollectionViewControllerFactory.swift */,
				BACFC4671F67029400CA4517 /* TrackCollectionPresenter.swift */,
				BACFC4681F67029400CA4517 /* TrackCollectionRouter.swift */,
				BACFC4691F67029400CA4517 /* TrackCollectionViewController.swift */,
				BACFC4711F6702B200CA4517 /* TrackCollectionViewController.storyboard */,
				BACFC4731F67034600CA4517 /* TrackCollectionViewCell.swift */,
			);
			path = TrackCollection;
			sourceTree = "<group>";
		};
		BAD3E0F61F650A85001CEA41 = {
			isa = PBXGroup;
			children = (
				BAD3E1011F650A85001CEA41 /* CleanSwift */,
				BADE1A1A1F67581200477879 /* BusinessLogic */,
				BADE1A2F1F67588D00477879 /* API */,
				BADE1A571F675E4B00477879 /* ITunesFeed */,
				BAC740EB1F679072000F50BF /* Persistence */,
				BAF3F7181F9EE4AA008A6668 /* CleanSwiftTests */,
				BAD3E1001F650A85001CEA41 /* Products */,
				BAC740D61F678BFB000F50BF /* Frameworks */,
			);
			sourceTree = "<group>";
		};
		BAD3E1001F650A85001CEA41 /* Products */ = {
			isa = PBXGroup;
			children = (
				BAD3E0FF1F650A85001CEA41 /* CleanSwift.app */,
				BADE1A191F67581200477879 /* BusinessLogic.framework */,
				BADE1A2E1F67588D00477879 /* API.framework */,
				BADE1A561F675E4B00477879 /* ITunesFeed.framework */,
				BAC740EA1F679072000F50BF /* Persistence.framework */,
				BAF3F7171F9EE4AA008A6668 /* CleanSwiftTests.xctest */,
			);
			name = Products;
			sourceTree = "<group>";
		};
		BAD3E1011F650A85001CEA41 /* CleanSwift */ = {
			isa = PBXGroup;
			children = (
				BAD3E10E1F650A85001CEA41 /* Info.plist */,
				BAD7FCDC1F65E38C00F31E49 /* Modules */,
				BACE115B1F6A256D0056C54D /* Dependency Injection */,
				BAD7FCDB1F65E36700F31E49 /* Other */,
			);
			path = CleanSwift;
			sourceTree = "<group>";
		};
		BAD3E1201F650AC2001CEA41 /* Login */ = {
			isa = PBXGroup;
			children = (
				BACE11601F6A28BA0056C54D /* LoginViewControllerFactory.swift */,
				BAD3E1161F650ABC001CEA41 /* LoginPresenter.swift */,
				BAD3E1171F650ABC001CEA41 /* LoginRouter.swift */,
				BAD3E1181F650ABC001CEA41 /* LoginViewController.swift */,
				BAD3E1211F650DE3001CEA41 /* LoginView.xib */,
			);
			path = Login;
			sourceTree = "<group>";
		};
		BAD3E1231F65106E001CEA41 /* List */ = {
			isa = PBXGroup;
			children = (
				BA83813C1F6A14C70048F51D /* ListViewControllerFactory.swift */,
				BAD3E1261F651094001CEA41 /* ListPresenter.swift */,
				BAD3E1271F651094001CEA41 /* ListRouter.swift */,
				BAD3E1281F651094001CEA41 /* ListViewController.swift */,
				BA074C961F661FD00003A064 /* ListViewController.storyboard */,
				BA074C981F6624CC0003A064 /* ListViewCell.swift */,
			);
			path = List;
			sourceTree = "<group>";
		};
		BAD3E1401F65A475001CEA41 /* Root */ = {
			isa = PBXGroup;
			children = (
				BA83813A1F6A0DA60048F51D /* RootViewControllerFactory.swift */,
				BAD3E1431F65A493001CEA41 /* RootPresenter.swift */,
				BAD3E1441F65A493001CEA41 /* RootRouter.swift */,
				BAD3E1451F65A493001CEA41 /* RootViewController.swift */,
			);
			path = Root;
			sourceTree = "<group>";
		};
		BAD7FCDB1F65E36700F31E49 /* Other */ = {
			isa = PBXGroup;
			children = (
				BAD3E1021F650A85001CEA41 /* AppDelegate.swift */,
				BAD3E10B1F650A85001CEA41 /* LaunchScreen.storyboard */,
				BAD3E1091F650A85001CEA41 /* Assets.xcassets */,
			);
			path = Other;
			sourceTree = "<group>";
		};
		BAD7FCDC1F65E38C00F31E49 /* Modules */ = {
			isa = PBXGroup;
			children = (
				BAD3E1401F65A475001CEA41 /* Root */,
				BA2344B81F66E92B00EF8542 /* TabMenu */,
				BAD3E1231F65106E001CEA41 /* List */,
				BACFC4641F67026A00CA4517 /* TrackCollection */,
				BA074C9A1F6630290003A064 /* ItemDetail */,
				BAD3E1201F650AC2001CEA41 /* Login */,
			);
			path = Modules;
			sourceTree = "<group>";
		};
		BADE1A1A1F67581200477879 /* BusinessLogic */ = {
			isa = PBXGroup;
			children = (
				BADE1A1B1F67581200477879 /* BusinessLogic.h */,
				BA69EFFC1F67A9C200E6CB84 /* Root */,
				BA69EFFB1F67993600E6CB84 /* Modules */,
				BAC740DC1F678EBE000F50BF /* Workers */,
				BAC740FD1F6791B7000F50BF /* Entity */,
				BA881C8B1F67960C00F4DACB /* PersistenceProtocol */,
				BA69F0021F67B8B500E6CB84 /* Promise */,
				BADE1A1C1F67581200477879 /* Info.plist */,
			);
			path = BusinessLogic;
			sourceTree = "<group>";
		};
		BADE1A2F1F67588D00477879 /* API */ = {
			isa = PBXGroup;
			children = (
				BAC740CD1F6789DC000F50BF /* public */,
				BAC740CE1F6789E9000F50BF /* private */,
				BADE1A311F67588D00477879 /* Info.plist */,
			);
			path = API;
			sourceTree = "<group>";
		};
		BADE1A571F675E4B00477879 /* ITunesFeed */ = {
			isa = PBXGroup;
			children = (
				BA60E4CC1F67839A00E02B8E /* public */,
				BA60E4CD1F6783A100E02B8E /* private */,
				BADE1A591F675E4B00477879 /* Info.plist */,
			);
			path = ITunesFeed;
			sourceTree = "<group>";
		};
		BAF3F7181F9EE4AA008A6668 /* CleanSwiftTests */ = {
			isa = PBXGroup;
			children = (
				BAF3F7191F9EE4AA008A6668 /* CleanSwiftTests.swift */,
				BAF3F71B1F9EE4AA008A6668 /* Info.plist */,
			);
			path = CleanSwiftTests;
			sourceTree = "<group>";
		};
/* End PBXGroup section */

/* Begin PBXHeadersBuildPhase section */
		BAC740E71F679072000F50BF /* Headers */ = {
			isa = PBXHeadersBuildPhase;
			buildActionMask = 2147483647;
			files = (
				BAC740EE1F679072000F50BF /* Persistence.h in Headers */,
			);
			runOnlyForDeploymentPostprocessing = 0;
		};
		BADE1A161F67581200477879 /* Headers */ = {
			isa = PBXHeadersBuildPhase;
			buildActionMask = 2147483647;
			files = (
				BADE1A1D1F67581200477879 /* BusinessLogic.h in Headers */,
			);
			runOnlyForDeploymentPostprocessing = 0;
		};
		BADE1A2B1F67588D00477879 /* Headers */ = {
			isa = PBXHeadersBuildPhase;
			buildActionMask = 2147483647;
			files = (
				BADE1A321F67588D00477879 /* API.h in Headers */,
			);
			runOnlyForDeploymentPostprocessing = 0;
		};
		BADE1A531F675E4B00477879 /* Headers */ = {
			isa = PBXHeadersBuildPhase;
			buildActionMask = 2147483647;
			files = (
				BADE1A5A1F675E4B00477879 /* ITunesFeed.h in Headers */,
			);
			runOnlyForDeploymentPostprocessing = 0;
		};
/* End PBXHeadersBuildPhase section */

/* Begin PBXNativeTarget section */
		BAC740E91F679072000F50BF /* Persistence */ = {
			isa = PBXNativeTarget;
			buildConfigurationList = BAC740F31F679072000F50BF /* Build configuration list for PBXNativeTarget "Persistence" */;
			buildPhases = (
				BAC740E51F679072000F50BF /* Sources */,
				BAC740E61F679072000F50BF /* Frameworks */,
				BAC740E71F679072000F50BF /* Headers */,
				BAC740E81F679072000F50BF /* Resources */,
			);
			buildRules = (
			);
			dependencies = (
			);
			name = Persistence;
			productName = Persistence;
			productReference = BAC740EA1F679072000F50BF /* Persistence.framework */;
			productType = "com.apple.product-type.framework";
		};
		BAD3E0FE1F650A85001CEA41 /* CleanSwift */ = {
			isa = PBXNativeTarget;
			buildConfigurationList = BAD3E1111F650A85001CEA41 /* Build configuration list for PBXNativeTarget "CleanSwift" */;
			buildPhases = (
				BAD3E0FB1F650A85001CEA41 /* Sources */,
				BAD3E0FC1F650A85001CEA41 /* Frameworks */,
				BAD3E0FD1F650A85001CEA41 /* Resources */,
				BADE1A251F67581200477879 /* Embed Frameworks */,
			);
			buildRules = (
			);
			dependencies = (
				BADE1A1F1F67581200477879 /* PBXTargetDependency */,
				BADE1A341F67588D00477879 /* PBXTargetDependency */,
				BADE1A5C1F675E4B00477879 /* PBXTargetDependency */,
				BAC740F01F679072000F50BF /* PBXTargetDependency */,
			);
			name = CleanSwift;
			productName = CleanSwift;
			productReference = BAD3E0FF1F650A85001CEA41 /* CleanSwift.app */;
			productType = "com.apple.product-type.application";
		};
		BADE1A181F67581200477879 /* BusinessLogic */ = {
			isa = PBXNativeTarget;
			buildConfigurationList = BADE1A241F67581200477879 /* Build configuration list for PBXNativeTarget "BusinessLogic" */;
			buildPhases = (
				BADE1A141F67581200477879 /* Sources */,
				BADE1A151F67581200477879 /* Frameworks */,
				BADE1A161F67581200477879 /* Headers */,
				BADE1A171F67581200477879 /* Resources */,
			);
			buildRules = (
			);
			dependencies = (
			);
			name = BusinessLogic;
			productName = BusinessLogic;
			productReference = BADE1A191F67581200477879 /* BusinessLogic.framework */;
			productType = "com.apple.product-type.framework";
		};
		BADE1A2D1F67588D00477879 /* API */ = {
			isa = PBXNativeTarget;
			buildConfigurationList = BADE1A371F67588D00477879 /* Build configuration list for PBXNativeTarget "API" */;
			buildPhases = (
				BADE1A291F67588D00477879 /* Sources */,
				BADE1A2A1F67588D00477879 /* Frameworks */,
				BADE1A2B1F67588D00477879 /* Headers */,
				BADE1A2C1F67588D00477879 /* Resources */,
			);
			buildRules = (
			);
			dependencies = (
			);
			name = API;
			productName = API;
			productReference = BADE1A2E1F67588D00477879 /* API.framework */;
			productType = "com.apple.product-type.framework";
		};
		BADE1A551F675E4B00477879 /* ITunesFeed */ = {
			isa = PBXNativeTarget;
			buildConfigurationList = BADE1A5F1F675E4B00477879 /* Build configuration list for PBXNativeTarget "ITunesFeed" */;
			buildPhases = (
				BADE1A511F675E4B00477879 /* Sources */,
				BADE1A521F675E4B00477879 /* Frameworks */,
				BADE1A531F675E4B00477879 /* Headers */,
				BADE1A541F675E4B00477879 /* Resources */,
			);
			buildRules = (
			);
			dependencies = (
			);
			name = ITunesFeed;
			productName = ITunesFeed;
			productReference = BADE1A561F675E4B00477879 /* ITunesFeed.framework */;
			productType = "com.apple.product-type.framework";
		};
		BAF3F7161F9EE4AA008A6668 /* CleanSwiftTests */ = {
			isa = PBXNativeTarget;
			buildConfigurationList = BAF3F7201F9EE4AA008A6668 /* Build configuration list for PBXNativeTarget "CleanSwiftTests" */;
			buildPhases = (
				BAF3F7131F9EE4AA008A6668 /* Sources */,
				BAF3F7141F9EE4AA008A6668 /* Frameworks */,
				BAF3F7151F9EE4AA008A6668 /* Resources */,
			);
			buildRules = (
			);
			dependencies = (
				BAF3F71D1F9EE4AA008A6668 /* PBXTargetDependency */,
			);
			name = CleanSwiftTests;
			productName = CleanSwiftTests;
			productReference = BAF3F7171F9EE4AA008A6668 /* CleanSwiftTests.xctest */;
			productType = "com.apple.product-type.bundle.unit-test";
		};
/* End PBXNativeTarget section */

/* Begin PBXProject section */
		BAD3E0F71F650A85001CEA41 /* Project object */ = {
			isa = PBXProject;
			attributes = {
				LastSwiftUpdateCheck = 0900;
				LastUpgradeCheck = 0900;
				ORGANIZATIONNAME = "Henry Tsai";
				TargetAttributes = {
					BAC740E91F679072000F50BF = {
						CreatedOnToolsVersion = 9.0;
						LastSwiftMigration = 0900;
						ProvisioningStyle = Automatic;
					};
					BAD3E0FE1F650A85001CEA41 = {
						CreatedOnToolsVersion = 9.0;
						ProvisioningStyle = Automatic;
					};
					BADE1A181F67581200477879 = {
						CreatedOnToolsVersion = 9.0;
						LastSwiftMigration = 0900;
						ProvisioningStyle = Automatic;
					};
					BADE1A2D1F67588D00477879 = {
						CreatedOnToolsVersion = 9.0;
						LastSwiftMigration = 0900;
						ProvisioningStyle = Automatic;
					};
					BADE1A551F675E4B00477879 = {
						CreatedOnToolsVersion = 9.0;
						LastSwiftMigration = 0900;
						ProvisioningStyle = Automatic;
					};
					BAF3F7161F9EE4AA008A6668 = {
						CreatedOnToolsVersion = 9.0.1;
						ProvisioningStyle = Automatic;
						TestTargetID = BAD3E0FE1F650A85001CEA41;
					};
				};
			};
			buildConfigurationList = BAD3E0FA1F650A85001CEA41 /* Build configuration list for PBXProject "CleanSwift" */;
			compatibilityVersion = "Xcode 8.0";
			developmentRegion = en;
			hasScannedForEncodings = 0;
			knownRegions = (
				en,
				Base,
			);
			mainGroup = BAD3E0F61F650A85001CEA41;
			productRefGroup = BAD3E1001F650A85001CEA41 /* Products */;
			projectDirPath = "";
			projectRoot = "";
			targets = (
				BAD3E0FE1F650A85001CEA41 /* CleanSwift */,
				BADE1A181F67581200477879 /* BusinessLogic */,
				BADE1A2D1F67588D00477879 /* API */,
				BADE1A551F675E4B00477879 /* ITunesFeed */,
				BAC740E91F679072000F50BF /* Persistence */,
				BAF3F7161F9EE4AA008A6668 /* CleanSwiftTests */,
			);
		};
/* End PBXProject section */

/* Begin PBXResourcesBuildPhase section */
		BAC740E81F679072000F50BF /* Resources */ = {
			isa = PBXResourcesBuildPhase;
			buildActionMask = 2147483647;
			files = (
			);
			runOnlyForDeploymentPostprocessing = 0;
		};
		BAD3E0FD1F650A85001CEA41 /* Resources */ = {
			isa = PBXResourcesBuildPhase;
			buildActionMask = 2147483647;
			files = (
				BA074CB41F6630DE0003A064 /* ItemDetailViewController.storyboard in Resources */,
				BAD3E10D1F650A85001CEA41 /* LaunchScreen.storyboard in Resources */,
				BA074C971F661FD00003A064 /* ListViewController.storyboard in Resources */,
				BACFC4721F6702B200CA4517 /* TrackCollectionViewController.storyboard in Resources */,
				BAD3E10A1F650A85001CEA41 /* Assets.xcassets in Resources */,
				BAD3E1221F650DE3001CEA41 /* LoginView.xib in Resources */,
			);
			runOnlyForDeploymentPostprocessing = 0;
		};
		BADE1A171F67581200477879 /* Resources */ = {
			isa = PBXResourcesBuildPhase;
			buildActionMask = 2147483647;
			files = (
			);
			runOnlyForDeploymentPostprocessing = 0;
		};
		BADE1A2C1F67588D00477879 /* Resources */ = {
			isa = PBXResourcesBuildPhase;
			buildActionMask = 2147483647;
			files = (
			);
			runOnlyForDeploymentPostprocessing = 0;
		};
		BADE1A541F675E4B00477879 /* Resources */ = {
			isa = PBXResourcesBuildPhase;
			buildActionMask = 2147483647;
			files = (
			);
			runOnlyForDeploymentPostprocessing = 0;
		};
		BAF3F7151F9EE4AA008A6668 /* Resources */ = {
			isa = PBXResourcesBuildPhase;
			buildActionMask = 2147483647;
			files = (
			);
			runOnlyForDeploymentPostprocessing = 0;
		};
/* End PBXResourcesBuildPhase section */

/* Begin PBXSourcesBuildPhase section */
		BAC740E51F679072000F50BF /* Sources */ = {
			isa = PBXSourcesBuildPhase;
			buildActionMask = 2147483647;
			files = (
				BAC740F71F679081000F50BF /* EntityManagerImp.swift in Sources */,
			);
			runOnlyForDeploymentPostprocessing = 0;
		};
		BAD3E0FB1F650A85001CEA41 /* Sources */ = {
			isa = PBXSourcesBuildPhase;
			buildActionMask = 2147483647;
			files = (
				BAD3E12D1F651094001CEA41 /* ListRouter.swift in Sources */,
				BA2344BF1F66E97600EF8542 /* TabNavigationInteractor.swift in Sources */,
				BAD3E11E1F650ABC001CEA41 /* LoginViewController.swift in Sources */,
				BA2344C11F66E97600EF8542 /* TabNavigationPresenter.swift in Sources */,
				BACFC46F1F67029400CA4517 /* TrackCollectionViewController.swift in Sources */,
				BAD3E14B1F65A493001CEA41 /* RootViewController.swift in Sources */,
				BACFC46D1F67029400CA4517 /* TrackCollectionPresenter.swift in Sources */,
				BA074CD61F6631F00003A064 /* ItemDetailRouter.swift in Sources */,
				BA2344C21F66E97600EF8542 /* TabNavigationRouter.swift in Sources */,
				BAD3E14A1F65A493001CEA41 /* RootRouter.swift in Sources */,
				BAD3E11D1F650ABC001CEA41 /* LoginRouter.swift in Sources */,
				BA074CD51F6631F00003A064 /* ItemDetailPresenter.swift in Sources */,
				BACFC4741F67034600CA4517 /* TrackCollectionViewCell.swift in Sources */,
				BA2344C01F66E97600EF8542 /* TabNavigationModels.swift in Sources */,
				BA2344C31F66E97600EF8542 /* TabNavigationViewController.swift in Sources */,
				BA074CD71F6631F00003A064 /* ItemDetailViewController.swift in Sources */,
				BA074C991F6624CC0003A064 /* ListViewCell.swift in Sources */,
				BAD3E1031F650A85001CEA41 /* AppDelegate.swift in Sources */,
				BACE11611F6A28BA0056C54D /* LoginViewControllerFactory.swift in Sources */,
				BACE11651F6A31A40056C54D /* ItemDetailViewControllerFactory.swift in Sources */,
				BACFC46E1F67029400CA4517 /* TrackCollectionRouter.swift in Sources */,
				BACE115F1F6A27830056C54D /* Injector.swift in Sources */,
				BACE11631F6A2EF40056C54D /* TrackCollectionViewControllerFactory.swift in Sources */,
				BAD3E1491F65A493001CEA41 /* RootPresenter.swift in Sources */,
				BAD3E12C1F651094001CEA41 /* ListPresenter.swift in Sources */,
				BA83813B1F6A0DA60048F51D /* RootViewControllerFactory.swift in Sources */,
				BA83813F1F6A17A30048F51D /* TabNavigationViewControllerFactory.swift in Sources */,
				BA83813D1F6A14C70048F51D /* ListViewControllerFactory.swift in Sources */,
				BAD3E11C1F650ABC001CEA41 /* LoginPresenter.swift in Sources */,
				BAD3E12E1F651094001CEA41 /* ListViewController.swift in Sources */,
			);
			runOnlyForDeploymentPostprocessing = 0;
		};
		BADE1A141F67581200477879 /* Sources */ = {
			isa = PBXSourcesBuildPhase;
			buildActionMask = 2147483647;
			files = (
				BA69EFFA1F6797B700E6CB84 /* ItemDetailInteractor.swift in Sources */,
				BAC740DB1F678C8A000F50BF /* ListModels.swift in Sources */,
				BAC740DE1F678EE0000F50BF /* PerformLoginWorker.swift in Sources */,
				BA881C871F67952C00F4DACB /* UserData.swift in Sources */,
				BAC740D91F678C70000F50BF /* ListInteractor.swift in Sources */,
				BAC740E31F678FF0000F50BF /* LoginModels.swift in Sources */,
				BA69EFFE1F67A9DC00E6CB84 /* RootInteractor.swift in Sources */,
				BA69F0041F67B91E00E6CB84 /* Promise.swift in Sources */,
				BAC740E11F678FAA000F50BF /* LoginInteractor.swift in Sources */,
				BA881C8D1F67961E00F4DACB /* EntityManager.swift in Sources */,
				BA69EFFD1F67A9D700E6CB84 /* RootModels.swift in Sources */,
				BAC740D51F678BD1000F50BF /* ListWorker.swift in Sources */,
				BA69EFF91F6797A900E6CB84 /* ItemDetailModels.swift in Sources */,
			);
			runOnlyForDeploymentPostprocessing = 0;
		};
		BADE1A291F67588D00477879 /* Sources */ = {
			isa = PBXSourcesBuildPhase;
			buildActionMask = 2147483647;
			files = (
				BAC740D21F678A3A000F50BF /* APIMock.swift in Sources */,
				BAC740D01F678A25000F50BF /* API.swift in Sources */,
			);
			runOnlyForDeploymentPostprocessing = 0;
		};
		BADE1A511F675E4B00477879 /* Sources */ = {
			isa = PBXSourcesBuildPhase;
			buildActionMask = 2147483647;
			files = (
				BA60E4C91F6770E500E02B8E /* Result.swift in Sources */,
				BADE1A631F675EAA00477879 /* ITunesFeedAPIProtocol.swift in Sources */,
				BA60E4CB1F677C6300E02B8E /* ITunesFeedAPIImp.swift in Sources */,
			);
			runOnlyForDeploymentPostprocessing = 0;
		};
		BAF3F7131F9EE4AA008A6668 /* Sources */ = {
			isa = PBXSourcesBuildPhase;
			buildActionMask = 2147483647;
			files = (
				BAF3F71A1F9EE4AA008A6668 /* CleanSwiftTests.swift in Sources */,
			);
			runOnlyForDeploymentPostprocessing = 0;
		};
/* End PBXSourcesBuildPhase section */

/* Begin PBXTargetDependency section */
		BAC740F01F679072000F50BF /* PBXTargetDependency */ = {
			isa = PBXTargetDependency;
			target = BAC740E91F679072000F50BF /* Persistence */;
			targetProxy = BAC740EF1F679072000F50BF /* PBXContainerItemProxy */;
		};
		BADE1A1F1F67581200477879 /* PBXTargetDependency */ = {
			isa = PBXTargetDependency;
			target = BADE1A181F67581200477879 /* BusinessLogic */;
			targetProxy = BADE1A1E1F67581200477879 /* PBXContainerItemProxy */;
		};
		BADE1A341F67588D00477879 /* PBXTargetDependency */ = {
			isa = PBXTargetDependency;
			target = BADE1A2D1F67588D00477879 /* API */;
			targetProxy = BADE1A331F67588D00477879 /* PBXContainerItemProxy */;
		};
		BADE1A5C1F675E4B00477879 /* PBXTargetDependency */ = {
			isa = PBXTargetDependency;
			target = BADE1A551F675E4B00477879 /* ITunesFeed */;
			targetProxy = BADE1A5B1F675E4B00477879 /* PBXContainerItemProxy */;
		};
		BAF3F71D1F9EE4AA008A6668 /* PBXTargetDependency */ = {
			isa = PBXTargetDependency;
			target = BAD3E0FE1F650A85001CEA41 /* CleanSwift */;
			targetProxy = BAF3F71C1F9EE4AA008A6668 /* PBXContainerItemProxy */;
		};
/* End PBXTargetDependency section */

/* Begin PBXVariantGroup section */
		BAD3E10B1F650A85001CEA41 /* LaunchScreen.storyboard */ = {
			isa = PBXVariantGroup;
			children = (
				BAD3E10C1F650A85001CEA41 /* Base */,
			);
			name = LaunchScreen.storyboard;
			sourceTree = "<group>";
		};
/* End PBXVariantGroup section */

/* Begin XCBuildConfiguration section */
		BAC740F41F679072000F50BF /* Debug */ = {
			isa = XCBuildConfiguration;
			buildSettings = {
				CLANG_ENABLE_MODULES = YES;
				CODE_SIGN_IDENTITY = "";
				CODE_SIGN_STYLE = Automatic;
				CURRENT_PROJECT_VERSION = 1;
				DEFINES_MODULE = YES;
				DEVELOPMENT_TEAM = U7Y66H7DX4;
				DYLIB_COMPATIBILITY_VERSION = 1;
				DYLIB_CURRENT_VERSION = 1;
				DYLIB_INSTALL_NAME_BASE = "@rpath";
				INFOPLIST_FILE = Persistence/Info.plist;
				INSTALL_PATH = "$(LOCAL_LIBRARY_DIR)/Frameworks";
				LD_RUNPATH_SEARCH_PATHS = "$(inherited) @executable_path/Frameworks @loader_path/Frameworks";
				PRODUCT_BUNDLE_IDENTIFIER = com.henry.Persistence;
				PRODUCT_NAME = "$(TARGET_NAME:c99extidentifier)";
				SKIP_INSTALL = YES;
				SWIFT_OPTIMIZATION_LEVEL = "-Onone";
				SWIFT_VERSION = 4.0;
				TARGETED_DEVICE_FAMILY = "1,2";
				VERSIONING_SYSTEM = "apple-generic";
				VERSION_INFO_PREFIX = "";
			};
			name = Debug;
		};
		BAC740F51F679072000F50BF /* Release */ = {
			isa = XCBuildConfiguration;
			buildSettings = {
				CLANG_ENABLE_MODULES = YES;
				CODE_SIGN_IDENTITY = "";
				CODE_SIGN_STYLE = Automatic;
				CURRENT_PROJECT_VERSION = 1;
				DEFINES_MODULE = YES;
				DEVELOPMENT_TEAM = U7Y66H7DX4;
				DYLIB_COMPATIBILITY_VERSION = 1;
				DYLIB_CURRENT_VERSION = 1;
				DYLIB_INSTALL_NAME_BASE = "@rpath";
				INFOPLIST_FILE = Persistence/Info.plist;
				INSTALL_PATH = "$(LOCAL_LIBRARY_DIR)/Frameworks";
				LD_RUNPATH_SEARCH_PATHS = "$(inherited) @executable_path/Frameworks @loader_path/Frameworks";
				PRODUCT_BUNDLE_IDENTIFIER = com.henry.Persistence;
				PRODUCT_NAME = "$(TARGET_NAME:c99extidentifier)";
				SKIP_INSTALL = YES;
				SWIFT_VERSION = 4.0;
				TARGETED_DEVICE_FAMILY = "1,2";
				VERSIONING_SYSTEM = "apple-generic";
				VERSION_INFO_PREFIX = "";
			};
			name = Release;
		};
		BAD3E10F1F650A85001CEA41 /* Debug */ = {
			isa = XCBuildConfiguration;
			buildSettings = {
				ALWAYS_SEARCH_USER_PATHS = NO;
				CLANG_ANALYZER_NONNULL = YES;
				CLANG_ANALYZER_NUMBER_OBJECT_CONVERSION = YES_AGGRESSIVE;
				CLANG_CXX_LANGUAGE_STANDARD = "gnu++14";
				CLANG_CXX_LIBRARY = "libc++";
				CLANG_ENABLE_MODULES = YES;
				CLANG_ENABLE_OBJC_ARC = YES;
				CLANG_WARN_BLOCK_CAPTURE_AUTORELEASING = YES;
				CLANG_WARN_BOOL_CONVERSION = YES;
				CLANG_WARN_COMMA = YES;
				CLANG_WARN_CONSTANT_CONVERSION = YES;
				CLANG_WARN_DIRECT_OBJC_ISA_USAGE = YES_ERROR;
				CLANG_WARN_DOCUMENTATION_COMMENTS = YES;
				CLANG_WARN_EMPTY_BODY = YES;
				CLANG_WARN_ENUM_CONVERSION = YES;
				CLANG_WARN_INFINITE_RECURSION = YES;
				CLANG_WARN_INT_CONVERSION = YES;
				CLANG_WARN_NON_LITERAL_NULL_CONVERSION = YES;
				CLANG_WARN_OBJC_LITERAL_CONVERSION = YES;
				CLANG_WARN_OBJC_ROOT_CLASS = YES_ERROR;
				CLANG_WARN_RANGE_LOOP_ANALYSIS = YES;
				CLANG_WARN_STRICT_PROTOTYPES = YES;
				CLANG_WARN_SUSPICIOUS_MOVE = YES;
				CLANG_WARN_UNGUARDED_AVAILABILITY = YES_AGGRESSIVE;
				CLANG_WARN_UNREACHABLE_CODE = YES;
				CLANG_WARN__DUPLICATE_METHOD_MATCH = YES;
				CODE_SIGN_IDENTITY = "iPhone Developer";
				COPY_PHASE_STRIP = NO;
				DEBUG_INFORMATION_FORMAT = dwarf;
				ENABLE_STRICT_OBJC_MSGSEND = YES;
				ENABLE_TESTABILITY = YES;
				GCC_C_LANGUAGE_STANDARD = gnu11;
				GCC_DYNAMIC_NO_PIC = NO;
				GCC_NO_COMMON_BLOCKS = YES;
				GCC_OPTIMIZATION_LEVEL = 0;
				GCC_PREPROCESSOR_DEFINITIONS = (
					"DEBUG=1",
					"$(inherited)",
				);
				GCC_WARN_64_TO_32_BIT_CONVERSION = YES;
				GCC_WARN_ABOUT_RETURN_TYPE = YES_ERROR;
				GCC_WARN_UNDECLARED_SELECTOR = YES;
				GCC_WARN_UNINITIALIZED_AUTOS = YES_AGGRESSIVE;
				GCC_WARN_UNUSED_FUNCTION = YES;
				GCC_WARN_UNUSED_VARIABLE = YES;
				IPHONEOS_DEPLOYMENT_TARGET = 11.0;
				MTL_ENABLE_DEBUG_INFO = YES;
				ONLY_ACTIVE_ARCH = YES;
				SDKROOT = iphoneos;
				SWIFT_ACTIVE_COMPILATION_CONDITIONS = DEBUG;
				SWIFT_OPTIMIZATION_LEVEL = "-Onone";
			};
			name = Debug;
		};
		BAD3E1101F650A85001CEA41 /* Release */ = {
			isa = XCBuildConfiguration;
			buildSettings = {
				ALWAYS_SEARCH_USER_PATHS = NO;
				CLANG_ANALYZER_NONNULL = YES;
				CLANG_ANALYZER_NUMBER_OBJECT_CONVERSION = YES_AGGRESSIVE;
				CLANG_CXX_LANGUAGE_STANDARD = "gnu++14";
				CLANG_CXX_LIBRARY = "libc++";
				CLANG_ENABLE_MODULES = YES;
				CLANG_ENABLE_OBJC_ARC = YES;
				CLANG_WARN_BLOCK_CAPTURE_AUTORELEASING = YES;
				CLANG_WARN_BOOL_CONVERSION = YES;
				CLANG_WARN_COMMA = YES;
				CLANG_WARN_CONSTANT_CONVERSION = YES;
				CLANG_WARN_DIRECT_OBJC_ISA_USAGE = YES_ERROR;
				CLANG_WARN_DOCUMENTATION_COMMENTS = YES;
				CLANG_WARN_EMPTY_BODY = YES;
				CLANG_WARN_ENUM_CONVERSION = YES;
				CLANG_WARN_INFINITE_RECURSION = YES;
				CLANG_WARN_INT_CONVERSION = YES;
				CLANG_WARN_NON_LITERAL_NULL_CONVERSION = YES;
				CLANG_WARN_OBJC_LITERAL_CONVERSION = YES;
				CLANG_WARN_OBJC_ROOT_CLASS = YES_ERROR;
				CLANG_WARN_RANGE_LOOP_ANALYSIS = YES;
				CLANG_WARN_STRICT_PROTOTYPES = YES;
				CLANG_WARN_SUSPICIOUS_MOVE = YES;
				CLANG_WARN_UNGUARDED_AVAILABILITY = YES_AGGRESSIVE;
				CLANG_WARN_UNREACHABLE_CODE = YES;
				CLANG_WARN__DUPLICATE_METHOD_MATCH = YES;
				CODE_SIGN_IDENTITY = "iPhone Developer";
				COPY_PHASE_STRIP = NO;
				DEBUG_INFORMATION_FORMAT = "dwarf-with-dsym";
				ENABLE_NS_ASSERTIONS = NO;
				ENABLE_STRICT_OBJC_MSGSEND = YES;
				GCC_C_LANGUAGE_STANDARD = gnu11;
				GCC_NO_COMMON_BLOCKS = YES;
				GCC_WARN_64_TO_32_BIT_CONVERSION = YES;
				GCC_WARN_ABOUT_RETURN_TYPE = YES_ERROR;
				GCC_WARN_UNDECLARED_SELECTOR = YES;
				GCC_WARN_UNINITIALIZED_AUTOS = YES_AGGRESSIVE;
				GCC_WARN_UNUSED_FUNCTION = YES;
				GCC_WARN_UNUSED_VARIABLE = YES;
				IPHONEOS_DEPLOYMENT_TARGET = 11.0;
				MTL_ENABLE_DEBUG_INFO = NO;
				SDKROOT = iphoneos;
				SWIFT_OPTIMIZATION_LEVEL = "-Owholemodule";
				VALIDATE_PRODUCT = YES;
			};
			name = Release;
		};
		BAD3E1121F650A85001CEA41 /* Debug */ = {
			isa = XCBuildConfiguration;
			buildSettings = {
				ALWAYS_EMBED_SWIFT_STANDARD_LIBRARIES = YES;
				ASSETCATALOG_COMPILER_APPICON_NAME = AppIcon;
				CODE_SIGN_STYLE = Automatic;
				DEVELOPMENT_TEAM = U7Y66H7DX4;
				INFOPLIST_FILE = CleanSwift/Info.plist;
				LD_RUNPATH_SEARCH_PATHS = "$(inherited) @executable_path/Frameworks";
				PRODUCT_BUNDLE_IDENTIFIER = com.henry.CleanSwift;
				PRODUCT_NAME = "$(TARGET_NAME)";
				SWIFT_VERSION = 4.0;
				TARGETED_DEVICE_FAMILY = "1,2";
			};
			name = Debug;
		};
		BAD3E1131F650A85001CEA41 /* Release */ = {
			isa = XCBuildConfiguration;
			buildSettings = {
				ALWAYS_EMBED_SWIFT_STANDARD_LIBRARIES = YES;
				ASSETCATALOG_COMPILER_APPICON_NAME = AppIcon;
				CODE_SIGN_STYLE = Automatic;
				DEVELOPMENT_TEAM = U7Y66H7DX4;
				INFOPLIST_FILE = CleanSwift/Info.plist;
				LD_RUNPATH_SEARCH_PATHS = "$(inherited) @executable_path/Frameworks";
				PRODUCT_BUNDLE_IDENTIFIER = com.henry.CleanSwift;
				PRODUCT_NAME = "$(TARGET_NAME)";
				SWIFT_VERSION = 4.0;
				TARGETED_DEVICE_FAMILY = "1,2";
			};
			name = Release;
		};
		BADE1A221F67581200477879 /* Debug */ = {
			isa = XCBuildConfiguration;
			buildSettings = {
				CLANG_ENABLE_MODULES = YES;
				CODE_SIGN_IDENTITY = "";
				CODE_SIGN_STYLE = Automatic;
				CURRENT_PROJECT_VERSION = 1;
				DEFINES_MODULE = YES;
				DEVELOPMENT_TEAM = U7Y66H7DX4;
				DYLIB_COMPATIBILITY_VERSION = 1;
				DYLIB_CURRENT_VERSION = 1;
				DYLIB_INSTALL_NAME_BASE = "@rpath";
				INFOPLIST_FILE = BusinessLogic/Info.plist;
				INSTALL_PATH = "$(LOCAL_LIBRARY_DIR)/Frameworks";
				LD_RUNPATH_SEARCH_PATHS = "$(inherited) @executable_path/Frameworks @loader_path/Frameworks";
				PRODUCT_BUNDLE_IDENTIFIER = com.henry.BusinessLogic;
				PRODUCT_NAME = "$(TARGET_NAME:c99extidentifier)";
				SKIP_INSTALL = YES;
				SWIFT_OPTIMIZATION_LEVEL = "-Onone";
				SWIFT_VERSION = 4.0;
				TARGETED_DEVICE_FAMILY = "1,2";
				VERSIONING_SYSTEM = "apple-generic";
				VERSION_INFO_PREFIX = "";
			};
			name = Debug;
		};
		BADE1A231F67581200477879 /* Release */ = {
			isa = XCBuildConfiguration;
			buildSettings = {
				CLANG_ENABLE_MODULES = YES;
				CODE_SIGN_IDENTITY = "";
				CODE_SIGN_STYLE = Automatic;
				CURRENT_PROJECT_VERSION = 1;
				DEFINES_MODULE = YES;
				DEVELOPMENT_TEAM = U7Y66H7DX4;
				DYLIB_COMPATIBILITY_VERSION = 1;
				DYLIB_CURRENT_VERSION = 1;
				DYLIB_INSTALL_NAME_BASE = "@rpath";
				INFOPLIST_FILE = BusinessLogic/Info.plist;
				INSTALL_PATH = "$(LOCAL_LIBRARY_DIR)/Frameworks";
				LD_RUNPATH_SEARCH_PATHS = "$(inherited) @executable_path/Frameworks @loader_path/Frameworks";
				PRODUCT_BUNDLE_IDENTIFIER = com.henry.BusinessLogic;
				PRODUCT_NAME = "$(TARGET_NAME:c99extidentifier)";
				SKIP_INSTALL = YES;
				SWIFT_VERSION = 4.0;
				TARGETED_DEVICE_FAMILY = "1,2";
				VERSIONING_SYSTEM = "apple-generic";
				VERSION_INFO_PREFIX = "";
			};
			name = Release;
		};
		BADE1A381F67588D00477879 /* Debug */ = {
			isa = XCBuildConfiguration;
			buildSettings = {
				CLANG_ENABLE_MODULES = YES;
				CODE_SIGN_IDENTITY = "";
				CODE_SIGN_STYLE = Automatic;
				CURRENT_PROJECT_VERSION = 1;
				DEFINES_MODULE = YES;
				DEVELOPMENT_TEAM = U7Y66H7DX4;
				DYLIB_COMPATIBILITY_VERSION = 1;
				DYLIB_CURRENT_VERSION = 1;
				DYLIB_INSTALL_NAME_BASE = "@rpath";
				INFOPLIST_FILE = API/Info.plist;
				INSTALL_PATH = "$(LOCAL_LIBRARY_DIR)/Frameworks";
				LD_RUNPATH_SEARCH_PATHS = "$(inherited) @executable_path/Frameworks @loader_path/Frameworks";
				PRODUCT_BUNDLE_IDENTIFIER = com.henry.API;
				PRODUCT_NAME = "$(TARGET_NAME:c99extidentifier)";
				SKIP_INSTALL = YES;
				SWIFT_OPTIMIZATION_LEVEL = "-Onone";
				SWIFT_VERSION = 4.0;
				TARGETED_DEVICE_FAMILY = "1,2";
				VERSIONING_SYSTEM = "apple-generic";
				VERSION_INFO_PREFIX = "";
			};
			name = Debug;
		};
		BADE1A391F67588D00477879 /* Release */ = {
			isa = XCBuildConfiguration;
			buildSettings = {
				CLANG_ENABLE_MODULES = YES;
				CODE_SIGN_IDENTITY = "";
				CODE_SIGN_STYLE = Automatic;
				CURRENT_PROJECT_VERSION = 1;
				DEFINES_MODULE = YES;
				DEVELOPMENT_TEAM = U7Y66H7DX4;
				DYLIB_COMPATIBILITY_VERSION = 1;
				DYLIB_CURRENT_VERSION = 1;
				DYLIB_INSTALL_NAME_BASE = "@rpath";
				INFOPLIST_FILE = API/Info.plist;
				INSTALL_PATH = "$(LOCAL_LIBRARY_DIR)/Frameworks";
				LD_RUNPATH_SEARCH_PATHS = "$(inherited) @executable_path/Frameworks @loader_path/Frameworks";
				PRODUCT_BUNDLE_IDENTIFIER = com.henry.API;
				PRODUCT_NAME = "$(TARGET_NAME:c99extidentifier)";
				SKIP_INSTALL = YES;
				SWIFT_VERSION = 4.0;
				TARGETED_DEVICE_FAMILY = "1,2";
				VERSIONING_SYSTEM = "apple-generic";
				VERSION_INFO_PREFIX = "";
			};
			name = Release;
		};
		BADE1A601F675E4B00477879 /* Debug */ = {
			isa = XCBuildConfiguration;
			buildSettings = {
				CLANG_ENABLE_MODULES = YES;
				CODE_SIGN_IDENTITY = "";
				CODE_SIGN_STYLE = Automatic;
				CURRENT_PROJECT_VERSION = 1;
				DEFINES_MODULE = YES;
				DEVELOPMENT_TEAM = U7Y66H7DX4;
				DYLIB_COMPATIBILITY_VERSION = 1;
				DYLIB_CURRENT_VERSION = 1;
				DYLIB_INSTALL_NAME_BASE = "@rpath";
				INFOPLIST_FILE = ITunesFeed/Info.plist;
				INSTALL_PATH = "$(LOCAL_LIBRARY_DIR)/Frameworks";
				LD_RUNPATH_SEARCH_PATHS = "$(inherited) @executable_path/Frameworks @loader_path/Frameworks";
				PRODUCT_BUNDLE_IDENTIFIER = com.henry.ITunesFeed;
				PRODUCT_NAME = "$(TARGET_NAME:c99extidentifier)";
				SKIP_INSTALL = YES;
				SWIFT_OPTIMIZATION_LEVEL = "-Onone";
				SWIFT_VERSION = 4.0;
				TARGETED_DEVICE_FAMILY = "1,2";
				VERSIONING_SYSTEM = "apple-generic";
				VERSION_INFO_PREFIX = "";
			};
			name = Debug;
		};
		BADE1A611F675E4B00477879 /* Release */ = {
			isa = XCBuildConfiguration;
			buildSettings = {
				CLANG_ENABLE_MODULES = YES;
				CODE_SIGN_IDENTITY = "";
				CODE_SIGN_STYLE = Automatic;
				CURRENT_PROJECT_VERSION = 1;
				DEFINES_MODULE = YES;
				DEVELOPMENT_TEAM = U7Y66H7DX4;
				DYLIB_COMPATIBILITY_VERSION = 1;
				DYLIB_CURRENT_VERSION = 1;
				DYLIB_INSTALL_NAME_BASE = "@rpath";
				INFOPLIST_FILE = ITunesFeed/Info.plist;
				INSTALL_PATH = "$(LOCAL_LIBRARY_DIR)/Frameworks";
				LD_RUNPATH_SEARCH_PATHS = "$(inherited) @executable_path/Frameworks @loader_path/Frameworks";
				PRODUCT_BUNDLE_IDENTIFIER = com.henry.ITunesFeed;
				PRODUCT_NAME = "$(TARGET_NAME:c99extidentifier)";
				SKIP_INSTALL = YES;
				SWIFT_VERSION = 4.0;
				TARGETED_DEVICE_FAMILY = "1,2";
				VERSIONING_SYSTEM = "apple-generic";
				VERSION_INFO_PREFIX = "";
			};
			name = Release;
		};
		BAF3F71E1F9EE4AA008A6668 /* Debug */ = {
			isa = XCBuildConfiguration;
			buildSettings = {
				BUNDLE_LOADER = "$(TEST_HOST)";
				CODE_SIGN_STYLE = Automatic;
				DEVELOPMENT_TEAM = J58LPDNEUG;
				INFOPLIST_FILE = CleanSwiftTests/Info.plist;
				LD_RUNPATH_SEARCH_PATHS = "$(inherited) @executable_path/Frameworks @loader_path/Frameworks";
				PRODUCT_BUNDLE_IDENTIFIER = com.Henry.CleanSwiftTests;
				PRODUCT_NAME = "$(TARGET_NAME)";
				SWIFT_VERSION = 4.0;
				TARGETED_DEVICE_FAMILY = "1,2";
				TEST_HOST = "$(BUILT_PRODUCTS_DIR)/CleanSwift.app/CleanSwift";
			};
			name = Debug;
		};
		BAF3F71F1F9EE4AA008A6668 /* Release */ = {
			isa = XCBuildConfiguration;
			buildSettings = {
				BUNDLE_LOADER = "$(TEST_HOST)";
				CODE_SIGN_STYLE = Automatic;
				DEVELOPMENT_TEAM = J58LPDNEUG;
				INFOPLIST_FILE = CleanSwiftTests/Info.plist;
				LD_RUNPATH_SEARCH_PATHS = "$(inherited) @executable_path/Frameworks @loader_path/Frameworks";
				PRODUCT_BUNDLE_IDENTIFIER = com.Henry.CleanSwiftTests;
				PRODUCT_NAME = "$(TARGET_NAME)";
				SWIFT_VERSION = 4.0;
				TARGETED_DEVICE_FAMILY = "1,2";
				TEST_HOST = "$(BUILT_PRODUCTS_DIR)/CleanSwift.app/CleanSwift";
			};
			name = Release;
		};
/* End XCBuildConfiguration section */

/* Begin XCConfigurationList section */
		BAC740F31F679072000F50BF /* Build configuration list for PBXNativeTarget "Persistence" */ = {
			isa = XCConfigurationList;
			buildConfigurations = (
				BAC740F41F679072000F50BF /* Debug */,
				BAC740F51F679072000F50BF /* Release */,
			);
			defaultConfigurationIsVisible = 0;
			defaultConfigurationName = Release;
		};
		BAD3E0FA1F650A85001CEA41 /* Build configuration list for PBXProject "CleanSwift" */ = {
			isa = XCConfigurationList;
			buildConfigurations = (
				BAD3E10F1F650A85001CEA41 /* Debug */,
				BAD3E1101F650A85001CEA41 /* Release */,
			);
			defaultConfigurationIsVisible = 0;
			defaultConfigurationName = Release;
		};
		BAD3E1111F650A85001CEA41 /* Build configuration list for PBXNativeTarget "CleanSwift" */ = {
			isa = XCConfigurationList;
			buildConfigurations = (
				BAD3E1121F650A85001CEA41 /* Debug */,
				BAD3E1131F650A85001CEA41 /* Release */,
			);
			defaultConfigurationIsVisible = 0;
			defaultConfigurationName = Release;
		};
		BADE1A241F67581200477879 /* Build configuration list for PBXNativeTarget "BusinessLogic" */ = {
			isa = XCConfigurationList;
			buildConfigurations = (
				BADE1A221F67581200477879 /* Debug */,
				BADE1A231F67581200477879 /* Release */,
			);
			defaultConfigurationIsVisible = 0;
			defaultConfigurationName = Release;
		};
		BADE1A371F67588D00477879 /* Build configuration list for PBXNativeTarget "API" */ = {
			isa = XCConfigurationList;
			buildConfigurations = (
				BADE1A381F67588D00477879 /* Debug */,
				BADE1A391F67588D00477879 /* Release */,
			);
			defaultConfigurationIsVisible = 0;
			defaultConfigurationName = Release;
		};
		BADE1A5F1F675E4B00477879 /* Build configuration list for PBXNativeTarget "ITunesFeed" */ = {
			isa = XCConfigurationList;
			buildConfigurations = (
				BADE1A601F675E4B00477879 /* Debug */,
				BADE1A611F675E4B00477879 /* Release */,
			);
			defaultConfigurationIsVisible = 0;
			defaultConfigurationName = Release;
		};
		BAF3F7201F9EE4AA008A6668 /* Build configuration list for PBXNativeTarget "CleanSwiftTests" */ = {
			isa = XCConfigurationList;
			buildConfigurations = (
				BAF3F71E1F9EE4AA008A6668 /* Debug */,
				BAF3F71F1F9EE4AA008A6668 /* Release */,
			);
			defaultConfigurationIsVisible = 0;
			defaultConfigurationName = Release;
		};
/* End XCConfigurationList section */
	};
	rootObject = BAD3E0F71F650A85001CEA41 /* Project object */;
}
